PODS:
  - Kingfisher (4.10.1)
  - MBProgressHUD (1.2.0)
  - SDWebImage (5.9.1):
    - SDWebImage/Core (= 5.9.1)
  - SDWebImage/Core (5.9.1)
  - SnapKit (4.2.0)

DEPENDENCIES:
  - Kingfisher
  - MBProgressHUD
  - SDWebImage
  - SnapKit

SPEC REPOS:
  trunk:
    - Kingfisher
    - MBProgressHUD
    - SDWebImage
    - SnapKit

SPEC CHECKSUMS:
  Kingfisher: c148cd7b47ebde9989f6bc7c27dcaa79d81279a0
  MBProgressHUD: 3ee5efcc380f6a79a7cc9b363dd669c5e1ae7406
  SDWebImage: a990c053fff71e388a10f3357edb0be17929c9c5
  SnapKit: fe8a619752f3f27075cc9a90244d75c6c3f27e2a

PODFILE CHECKSUM: aaa4f31e003a9d88dccb4f14eedc338e8c484d44

COCOAPODS: 1.10.0.beta.2
